
Microsoft Visual Studio Solution File, Format Version 12.00
# Visual Studio 15
VisualStudioVersion = 15.0.28010.2016
MinimumVisualStudioVersion = 10.0.40219.1
Project("{FAE04EC0-301F-11D3-BF4B-00C04F79EFBC}") = "MyMathDLL", "MyMathDLL\MyMathDLL.csproj", "{72367618-FC79-4972-93CB-E105BE1793A0}"
EndProject
Project("{FAE04EC0-301F-11D3-BF4B-00C04F79EFBC}") = "MyMathDLLTest", "MyMathDLLTest\MyMathDLLTest.csproj", "{ED57A22C-9655-4DC5-B907-69DB1538BFF1}"
EndProject
Global
	GlobalSection(SolutionConfigurationPlatforms) = preSolution
		Debug|Any CPU = Debug|Any CPU
		Release|Any CPU = Release|Any CPU
	EndGlobalSection
	GlobalSection(ProjectConfigurationPlatforms) = postSolution
		{72367618-FC79-4972-93CB-E105BE1793A0}.Debug|Any CPU.ActiveCfg = Debug|Any CPU
		{72367618-FC79-4972-93CB-E105BE1793A0}.Debug|Any CPU.Build.0 = Debug|Any CPU
		{72367618-FC79-4972-93CB-E105BE1793A0}.Release|Any CPU.ActiveCfg = Release|Any CPU
		{72367618-FC79-4972-93CB-E105BE1793A0}.Release|Any CPU.Build.0 = Release|Any CPU
		{ED57A22C-9655-4DC5-B907-69DB1538BFF1}.Debug|Any CPU.ActiveCfg = Debug|Any CPU
		{ED57A22C-9655-4DC5-B907-69DB1538BFF1}.Debug|Any CPU.Build.0 = Debug|Any CPU
		{ED57A22C-9655-4DC5-B907-69DB1538BFF1}.Release|Any CPU.ActiveCfg = Release|Any CPU
		{ED57A22C-9655-4DC5-B907-69DB1538BFF1}.Release|Any CPU.Build.0 = Release|Any CPU
	EndGlobalSection
	GlobalSection(SolutionProperties) = preSolution
		HideSolutionNode = FALSE
	EndGlobalSection
	GlobalSection(ExtensibilityGlobals) = postSolution
		SolutionGuid = {2D780E16-3D83-4405-8568-A94DB752DC08}
	EndGlobalSection
EndGlobal
